
Microsoft Visual Studio Solution File, Format Version 12.00
# Visual Studio Version 16
VisualStudioVersion = 16.0.30907.101
MinimumVisualStudioVersion = 10.0.40219.1
Project("{FAE04EC0-301F-11D3-BF4B-00C04F79EFBC}") = "FOnlineDatRipper", "FOnlineDatRipper.csproj", "{027D2EC5-1E2D-430E-94FF-84ADF76143E3}"
EndProject
Global
	GlobalSection(SolutionConfigurationPlatforms) = preSolution
		Debug|Any CPU = Debug|Any CPU
		Release|Any CPU = Release|Any CPU
	EndGlobalSection
	GlobalSection(ProjectConfigurationPlatforms) = postSolution
		{027D2EC5-1E2D-430E-94FF-84ADF76143E3}.Debug|Any CPU.ActiveCfg = Debug|Any CPU
		{027D2EC5-1E2D-430E-94FF-84ADF76143E3}.Debug|Any CPU.Build.0 = Debug|Any CPU
		{027D2EC5-1E2D-430E-94FF-84ADF76143E3}.Release|Any CPU.ActiveCfg = Release|Any CPU
		{027D2EC5-1E2D-430E-94FF-84ADF76143E3}.Release|Any CPU.Build.0 = Release|Any CPU
	EndGlobalSection
	GlobalSection(SolutionProperties) = preSolution
		HideSolutionNode = FALSE
	EndGlobalSection
	GlobalSection(ExtensibilityGlobals) = postSolution
		SolutionGuid = {5303BFE1-C0E8-4928-BEAF-68F9819E4E82}
	EndGlobalSection
EndGlobal
